{
  "name": "algorithm",
  "version": "1.0.0",
  "lockfileVersion": 1,
  "requires": true,
  "dependencies": {
    "@types/scanf": {
      "version": "0.7.3",
      "resolved": "https://registry.npmjs.org/@types/scanf/-/scanf-0.7.3.tgz",
      "integrity": "sha1-th91sVGKFt5N0JJUGE4jOOIMZe8=",
      "requires": {
        "scanf": "1.0.2"
      }
    },
    "scanf": {
      "version": "1.0.2",
      "resolved": "https://registry.npmjs.org/scanf/-/scanf-1.0.2.tgz",
      "integrity": "sha512-3WTLRdIAypK0117Fqep8rXlUesYyz8kcMsC4ATSFO6tqGmxmzohFizIKOIrgKCs1b7RYR9QI6XOFrvH5ZGP/iA=="
    },
    "typescript": {
      "version": "3.2.4",
      "resolved": "https://registry.npmjs.org/typescript/-/typescript-3.2.4.tgz",
      "integrity": "sha512-0RNDbSdEokBeEAkgNbxJ+BLwSManFy9TeXz8uW+48j/xhEXv1ePME60olyzw2XzUqUBNAYFeJadIqAgNqIACwg==",
      "dev": true
    }
  }
}
